{
  "name": "@keroro-cli/dynamic-exec",
  "version": "0.0.0",
  "lockfileVersion": 3,
  "requires": true,
  "packages": {
    "": {
      "name": "@keroro-cli/dynamic-exec",
      "version": "0.0.0",
      "license": "ISC",
      "dependencies": {
        "@keroro-cli/log": "file:../../utils/log",
        "@keroro-cli/package": "file:../../models/package"
      }
    },
    "../../models/package": {
      "name": "@keroro-cli/package",
      "version": "0.0.0",
      "license": "ISC",
      "dependencies": {
        "@keroro-cli/exec": "file:../../core/dynamic-exec",
        "@keroro-cli/log": "file:../../utils/log",
        "@keroro-cli/npm-info": "file:../../utils/npm-info"
      }
    },
    "../../utils/log": {
      "name": "@keroro-cli/log",
      "version": "0.0.2",
      "license": "ISC",
      "dependencies": {
        "npmlog": "^7.0.1"
      }
    },
    "node_modules/@keroro-cli/log": {
      "resolved": "../../utils/log",
      "link": true
    },
    "node_modules/@keroro-cli/package": {
      "resolved": "../../models/package",
      "link": true
    }
  }
}
